
Microsoft Visual Studio Solution File, Format Version 12.00
# Visual Studio Version 16
VisualStudioVersion = 16.0.30517.126
MinimumVisualStudioVersion = 10.0.40219.1
Project("{FAE04EC0-301F-11D3-BF4B-00C04F79EFBC}") = "Project 1", "Project 1\Project 1.csproj", "{19D07C46-9DBB-4F05-919D-2ABF30635537}"
EndProject
Global
	GlobalSection(SolutionConfigurationPlatforms) = preSolution
		Debug|Any CPU = Debug|Any CPU
		Release|Any CPU = Release|Any CPU
	EndGlobalSection
	GlobalSection(ProjectConfigurationPlatforms) = postSolution
		{19D07C46-9DBB-4F05-919D-2ABF30635537}.Debug|Any CPU.ActiveCfg = Debug|x86
		{19D07C46-9DBB-4F05-919D-2ABF30635537}.Debug|Any CPU.Build.0 = Debug|x86
		{19D07C46-9DBB-4F05-919D-2ABF30635537}.Release|Any CPU.ActiveCfg = Release|Any CPU
		{19D07C46-9DBB-4F05-919D-2ABF30635537}.Release|Any CPU.Build.0 = Release|Any CPU
	EndGlobalSection
	GlobalSection(SolutionProperties) = preSolution
		HideSolutionNode = FALSE
	EndGlobalSection
	GlobalSection(ExtensibilityGlobals) = postSolution
		SolutionGuid = {49302876-A511-495B-ADD3-E605C7465173}
	EndGlobalSection
EndGlobal
